
Microsoft Visual Studio Solution File, Format Version 12.00
# Visual Studio 15
VisualStudioVersion = 15.0.28307.1022
MinimumVisualStudioVersion = 10.0.40219.1
Project("{FAE04EC0-301F-11D3-BF4B-00C04F79EFBC}") = "DeliveryServiceWebDBServer", "DeliveryServiceWebDBServer\DeliveryServiceWebDBServer.csproj", "{2FEEF242-5293-47BA-89DB-820D8FA755B6}"
EndProject
Global
	GlobalSection(SolutionConfigurationPlatforms) = preSolution
		Debug|Any CPU = Debug|Any CPU
		Release|Any CPU = Release|Any CPU
	EndGlobalSection
	GlobalSection(ProjectConfigurationPlatforms) = postSolution
		{2FEEF242-5293-47BA-89DB-820D8FA755B6}.Debug|Any CPU.ActiveCfg = Debug|Any CPU
		{2FEEF242-5293-47BA-89DB-820D8FA755B6}.Debug|Any CPU.Build.0 = Debug|Any CPU
		{2FEEF242-5293-47BA-89DB-820D8FA755B6}.Release|Any CPU.ActiveCfg = Release|Any CPU
		{2FEEF242-5293-47BA-89DB-820D8FA755B6}.Release|Any CPU.Build.0 = Release|Any CPU
	EndGlobalSection
	GlobalSection(SolutionProperties) = preSolution
		HideSolutionNode = FALSE
	EndGlobalSection
	GlobalSection(ExtensibilityGlobals) = postSolution
		SolutionGuid = {3B74005D-4B2B-47C8-A621-BCAA2FC9AE67}
	EndGlobalSection
EndGlobal
